
Microsoft Visual Studio Solution File, Format Version 12.00
# Visual Studio Version 17
VisualStudioVersion = 17.10.35201.131
MinimumVisualStudioVersion = 10.0.40219.1
Project("{FAE04EC0-301F-11D3-BF4B-00C04F79EFBC}") = "Calculadora MVC", "Calculadora MVC.csproj", "{F091A50A-6874-49FE-BBE0-496E39401D58}"
EndProject
Global
	GlobalSection(SolutionConfigurationPlatforms) = preSolution
		Debug|Any CPU = Debug|Any CPU
		Release|Any CPU = Release|Any CPU
	EndGlobalSection
	GlobalSection(ProjectConfigurationPlatforms) = postSolution
		{F091A50A-6874-49FE-BBE0-496E39401D58}.Debug|Any CPU.ActiveCfg = Debug|Any CPU
		{F091A50A-6874-49FE-BBE0-496E39401D58}.Debug|Any CPU.Build.0 = Debug|Any CPU
		{F091A50A-6874-49FE-BBE0-496E39401D58}.Release|Any CPU.ActiveCfg = Release|Any CPU
		{F091A50A-6874-49FE-BBE0-496E39401D58}.Release|Any CPU.Build.0 = Release|Any CPU
	EndGlobalSection
	GlobalSection(SolutionProperties) = preSolution
		HideSolutionNode = FALSE
	EndGlobalSection
	GlobalSection(ExtensibilityGlobals) = postSolution
		SolutionGuid = {3E444F56-6C4D-42CD-8955-13FCB1BBEE86}
	EndGlobalSection
EndGlobal

// Actualizado
